
Microsoft Visual Studio Solution File, Format Version 12.00
# Visual Studio Version 16
VisualStudioVersion = 16.0.31729.503
MinimumVisualStudioVersion = 10.0.40219.1
Project("{FAE04EC0-301F-11D3-BF4B-00C04F79EFBC}") = "CS_DZ_4", "CS_DZ_4\CS_DZ_4.csproj", "{91881AEB-05B9-479D-AFC7-80EA9E1A0B76}"
EndProject
Global
	GlobalSection(SolutionConfigurationPlatforms) = preSolution
		Debug|Any CPU = Debug|Any CPU
		Release|Any CPU = Release|Any CPU
	EndGlobalSection
	GlobalSection(ProjectConfigurationPlatforms) = postSolution
		{91881AEB-05B9-479D-AFC7-80EA9E1A0B76}.Debug|Any CPU.ActiveCfg = Debug|Any CPU
		{91881AEB-05B9-479D-AFC7-80EA9E1A0B76}.Debug|Any CPU.Build.0 = Debug|Any CPU
		{91881AEB-05B9-479D-AFC7-80EA9E1A0B76}.Release|Any CPU.ActiveCfg = Release|Any CPU
		{91881AEB-05B9-479D-AFC7-80EA9E1A0B76}.Release|Any CPU.Build.0 = Release|Any CPU
	EndGlobalSection
	GlobalSection(SolutionProperties) = preSolution
		HideSolutionNode = FALSE
	EndGlobalSection
	GlobalSection(ExtensibilityGlobals) = postSolution
		SolutionGuid = {10656BED-75A3-49AD-A120-4C16A7D9F01F}
	EndGlobalSection
EndGlobal
